Microsoft Visual Studio Solution File, Format Version 12.00
# Visual Studio Version 17
VisualStudioVersion = 17.5.2.0
MinimumVisualStudioVersion = 10.0.40219.1
Project("{FAE04EC0-301F-11D3-BF4B-00C04F79EFBC}") = "RdlcRender", "RdlcRender\RdlcRender.csproj", "{CC713A9E-459B-45D3-B8A5-4B707ABBEBF3}"
EndProject
Project("{FAE04EC0-301F-11D3-BF4B-00C04F79EFBC}") = "lesson1RdlGenerator", "lesson1RdlGenerator\lesson1RdlGenerator.csproj", "{1F7C31EC-309E-4F72-9667-58FC2BB775CE}"
EndProject
Project("{FAE04EC0-301F-11D3-BF4B-00C04F79EFBC}") = "RDLCForm", "RDLCForm\RDLCForm.csproj", "{58041942-3935-45E1-A0A2-345382677B81}"
EndProject
Global
	GlobalSection(SolutionConfigurationPlatforms) = preSolution
		Debug|Any CPU = Debug|Any CPU
		Release|Any CPU = Release|Any CPU
	EndGlobalSection
	GlobalSection(ProjectConfigurationPlatforms) = postSolution
		{CC713A9E-459B-45D3-B8A5-4B707ABBEBF3}.Debug|Any CPU.ActiveCfg = Debug|Any CPU
		{CC713A9E-459B-45D3-B8A5-4B707ABBEBF3}.Debug|Any CPU.Build.0 = Debug|Any CPU
		{CC713A9E-459B-45D3-B8A5-4B707ABBEBF3}.Release|Any CPU.ActiveCfg = Release|Any CPU
		{CC713A9E-459B-45D3-B8A5-4B707ABBEBF3}.Release|Any CPU.Build.0 = Release|Any CPU
		{1F7C31EC-309E-4F72-9667-58FC2BB775CE}.Debug|Any CPU.ActiveCfg = Debug|Any CPU
		{1F7C31EC-309E-4F72-9667-58FC2BB775CE}.Debug|Any CPU.Build.0 = Debug|Any CPU
		{1F7C31EC-309E-4F72-9667-58FC2BB775CE}.Release|Any CPU.ActiveCfg = Release|Any CPU
		{1F7C31EC-309E-4F72-9667-58FC2BB775CE}.Release|Any CPU.Build.0 = Release|Any CPU
		{58041942-3935-45E1-A0A2-345382677B81}.Debug|Any CPU.ActiveCfg = Debug|Any CPU
		{58041942-3935-45E1-A0A2-345382677B81}.Debug|Any CPU.Build.0 = Debug|Any CPU
		{58041942-3935-45E1-A0A2-345382677B81}.Release|Any CPU.ActiveCfg = Release|Any CPU
		{58041942-3935-45E1-A0A2-345382677B81}.Release|Any CPU.Build.0 = Release|Any CPU
	EndGlobalSection
	GlobalSection(SolutionProperties) = preSolution
		HideSolutionNode = FALSE
	EndGlobalSection
	GlobalSection(ExtensibilityGlobals) = postSolution
		SolutionGuid = {1B989400-8C9B-42DA-988D-46A1B5A4FD95}
	EndGlobalSection
EndGlobal
